
Microsoft Visual Studio Solution File, Format Version 12.00
# Visual Studio Version 16
VisualStudioVersion = 16.0.29424.173
MinimumVisualStudioVersion = 10.0.40219.1
Project("{9A19103F-16F7-4668-BE54-9A1E7A4F7556}") = "MiCake.Autofac", "src\MiCake.Autofac\MiCake.Autofac.csproj", "{77B0FED3-9FE0-4821-9817-6678CB0AE05A}"
EndProject
Project("{9A19103F-16F7-4668-BE54-9A1E7A4F7556}") = "MiCake.Serilog", "src\MiCake.Serilog\MiCake.Serilog.csproj", "{6E7A4DD4-B366-4337-B2E2-AAE228984122}"
EndProject
Global
	GlobalSection(SolutionConfigurationPlatforms) = preSolution
		Debug|Any CPU = Debug|Any CPU
		Release|Any CPU = Release|Any CPU
	EndGlobalSection
	GlobalSection(ProjectConfigurationPlatforms) = postSolution
		{77B0FED3-9FE0-4821-9817-6678CB0AE05A}.Debug|Any CPU.ActiveCfg = Debug|Any CPU
		{77B0FED3-9FE0-4821-9817-6678CB0AE05A}.Debug|Any CPU.Build.0 = Debug|Any CPU
		{77B0FED3-9FE0-4821-9817-6678CB0AE05A}.Release|Any CPU.ActiveCfg = Release|Any CPU
		{77B0FED3-9FE0-4821-9817-6678CB0AE05A}.Release|Any CPU.Build.0 = Release|Any CPU
		{6E7A4DD4-B366-4337-B2E2-AAE228984122}.Debug|Any CPU.ActiveCfg = Debug|Any CPU
		{6E7A4DD4-B366-4337-B2E2-AAE228984122}.Debug|Any CPU.Build.0 = Debug|Any CPU
		{6E7A4DD4-B366-4337-B2E2-AAE228984122}.Release|Any CPU.ActiveCfg = Release|Any CPU
		{6E7A4DD4-B366-4337-B2E2-AAE228984122}.Release|Any CPU.Build.0 = Release|Any CPU
	EndGlobalSection
	GlobalSection(SolutionProperties) = preSolution
		HideSolutionNode = FALSE
	EndGlobalSection
	GlobalSection(ExtensibilityGlobals) = postSolution
		SolutionGuid = {D97D26CB-E57C-44B5-8E68-04B5F305DF4F}
	EndGlobalSection
EndGlobal
